<?xml version="1.0" encoding="utf-8"?>
<Project ToolsVersion="4.0" xmlns="http://schemas.microsoft.com/developer/msbuild/2003">
  <ItemGroup>
    <Filter Include="Source Files">
      <UniqueIdentifier>{4FC737F1-C7A5-4376-A066-2A32D752A2FF}</UniqueIdentifier>
      <Extensions>cpp;c;cc;cxx;def;odl;idl;hpj;bat;asm;asmx</Extensions>
    </Filter>
    <Filter Include="Header Files">
      <UniqueIdentifier>{93995380-89BD-4b04-88EB-625FBE52EBFB}</UniqueIdentifier>
      <Extensions>h;hh;hpp;hxx;hm;inl;inc;ipp;xsd</Extensions>
    </Filter>
    <Filter Include="Resource Files">
      <UniqueIdentifier>{67DA6AB6-F800-4c08-8B7A-83BB121AAD01}</UniqueIdentifier>
      <Extensions>rc;ico;cur;bmp;dlg;rc2;rct;bin;rgs;gif;jpg;jpeg;jpe;resx;tiff;tif;png;wav;mfcribbon-ms</Extensions>
    </Filter>
    <Filter Include="Source Files\Loader">
      <UniqueIdentifier>{1ca90330-5dad-476e-95d4-4243afb54835}</UniqueIdentifier>
    </Filter>
    <Filter Include="Source Files\Loader\Panels">
      <UniqueIdentifier>{78477bbe-4d72-4bf5-adf0-e9f447b7ba56}</UniqueIdentifier>
    </Filter>
    <Filter Include="Source Files\Loader\Updaters">
      <UniqueIdentifier>{a8783f70-94eb-48a3-9d21-f29a4542ebfc}</UniqueIdentifier>
    </Filter>
  </ItemGroup>
  <ItemGroup>
    <ClInclude Include="ValkyrieLoader.h">
      <Filter>Source Files\Loader</Filter>
    </ClInclude>
    <ClInclude Include="AsyncInjector.h">
      <Filter>Source Files\Loader</Filter>
    </ClInclude>
    <ClInclude Include="AdminPanel.h">
      <Filter>Source Files\Loader\Panels</Filter>
    </ClInclude>
    <ClInclude Include="LoaderPanel.h">
      <Filter>Source Files\Loader\Panels</Filter>
    </ClInclude>
    <ClInclude Include="Constants.h">
      <Filter>Source Files\Loader</Filter>
    </ClInclude>
    <ClInclude Include="LoginPanel.h">
      <Filter>Source Files\Loader\Panels</Filter>
    </ClInclude>
    <ClInclude Include="CreateAccountPanel.h">
      <Filter>Source Files\Loader\Panels</Filter>
    </ClInclude>
    <ClInclude Include="UserPanel.h">
      <Filter>Source Files\Loader\Panels</Filter>
    </ClInclude>
    <ClInclude Include="AsyncCheatUpdater.h">
      <Filter>Source Files\Loader\Updaters</Filter>
    </ClInclude>
    <ClInclude Include="AsyncLoaderUpdater.h">
      <Filter>Source Files\Loader\Updaters</Filter>
    </ClInclude>
    <ClInclude Include="AsyncUpdater.h">
      <Filter>Source Files\Loader\Updaters</Filter>
    </ClInclude>
    <ClInclude Include="ExtendSubscriptionPanel.h">
      <Filter>Source Files\Loader\Panels</Filter>
    </ClInclude>
  </ItemGroup>
  <ItemGroup>
    <ClCompile Include="Main.cpp">
      <Filter>Source Files</Filter>
    </ClCompile>
    <ClCompile Include="ValkyrieLoader.cpp">
      <Filter>Source Files\Loader</Filter>
    </ClCompile>
    <ClCompile Include="AsyncInjector.cpp">
      <Filter>Source Files\Loader</Filter>
    </ClCompile>
    <ClCompile Include="UserPanel.cpp">
      <Filter>Source Files\Loader\Panels</Filter>
    </ClCompile>
    <ClCompile Include="AdminPanel.cpp">
      <Filter>Source Files\Loader\Panels</Filter>
    </ClCompile>
    <ClCompile Include="LoginPanel.cpp">
      <Filter>Source Files\Loader\Panels</Filter>
    </ClCompile>
    <ClCompile Include="CreateAccountPanel.cpp">
      <Filter>Source Files\Loader\Panels</Filter>
    </ClCompile>
    <ClCompile Include="AsyncCheatUpdater.cpp">
      <Filter>Source Files\Loader\Updaters</Filter>
    </ClCompile>
    <ClCompile Include="AsyncLoaderUpdater.cpp">
      <Filter>Source Files\Loader\Updaters</Filter>
    </ClCompile>
    <ClCompile Include="AsyncUpdater.cpp">
      <Filter>Source Files\Loader\Updaters</Filter>
    </ClCompile>
    <ClCompile Include="Constants.cpp">
      <Filter>Source Files\Loader</Filter>
    </ClCompile>
    <ClCompile Include="ExtendSubscriptionPanel.cpp">
      <Filter>Source Files\Loader\Panels</Filter>
    </ClCompile>
  </ItemGroup>
</Project>